
Microsoft Visual Studio Solution File, Format Version 12.00
# Visual Studio Version 16
VisualStudioVersion = 16.0.29911.84
MinimumVisualStudioVersion = 10.0.40219.1
Project("{9A19103F-16F7-4668-BE54-9A1E7A4F7556}") = "ExampleAppForSourceControl", "ExampleAppForSourceControl\ExampleAppForSourceControl.csproj", "{C6C7BC5A-3FF1-4C42-87BC-12852BEB1421}"
EndProject
Project("{FAE04EC0-301F-11D3-BF4B-00C04F79EFBC}") = "DynamicArrayNaiveImplementation", "DynamicArrayNaiveImplementation\DynamicArrayNaiveImplementation.csproj", "{381311E7-C0EB-4C5C-BBBC-91FB49061714}"
EndProject
Project("{FAE04EC0-301F-11D3-BF4B-00C04F79EFBC}") = "LinkedListNaiveImplementation", "LinkedListNaiveImplementation\LinkedListNaiveImplementation.csproj", "{4AF11EC7-E03C-401F-BC0E-B288431DC2B8}"
EndProject
Global
	GlobalSection(SolutionConfigurationPlatforms) = preSolution
		Debug|Any CPU = Debug|Any CPU
		Release|Any CPU = Release|Any CPU
	EndGlobalSection
	GlobalSection(ProjectConfigurationPlatforms) = postSolution
		{C6C7BC5A-3FF1-4C42-87BC-12852BEB1421}.Debug|Any CPU.ActiveCfg = Debug|Any CPU
		{C6C7BC5A-3FF1-4C42-87BC-12852BEB1421}.Debug|Any CPU.Build.0 = Debug|Any CPU
		{C6C7BC5A-3FF1-4C42-87BC-12852BEB1421}.Release|Any CPU.ActiveCfg = Release|Any CPU
		{C6C7BC5A-3FF1-4C42-87BC-12852BEB1421}.Release|Any CPU.Build.0 = Release|Any CPU
		{381311E7-C0EB-4C5C-BBBC-91FB49061714}.Debug|Any CPU.ActiveCfg = Debug|Any CPU
		{381311E7-C0EB-4C5C-BBBC-91FB49061714}.Debug|Any CPU.Build.0 = Debug|Any CPU
		{381311E7-C0EB-4C5C-BBBC-91FB49061714}.Release|Any CPU.ActiveCfg = Release|Any CPU
		{381311E7-C0EB-4C5C-BBBC-91FB49061714}.Release|Any CPU.Build.0 = Release|Any CPU
		{4AF11EC7-E03C-401F-BC0E-B288431DC2B8}.Debug|Any CPU.ActiveCfg = Debug|Any CPU
		{4AF11EC7-E03C-401F-BC0E-B288431DC2B8}.Debug|Any CPU.Build.0 = Debug|Any CPU
		{4AF11EC7-E03C-401F-BC0E-B288431DC2B8}.Release|Any CPU.ActiveCfg = Release|Any CPU
		{4AF11EC7-E03C-401F-BC0E-B288431DC2B8}.Release|Any CPU.Build.0 = Release|Any CPU
	EndGlobalSection
	GlobalSection(SolutionProperties) = preSolution
		HideSolutionNode = FALSE
	EndGlobalSection
	GlobalSection(ExtensibilityGlobals) = postSolution
		SolutionGuid = {AEBEF098-A30E-49FF-8D89-960671DD9A0C}
	EndGlobalSection
EndGlobal
